{
    "_meta": {
        "hash": {
            "sha256": "cd63b6ed2267f3785dbe96108da72bae0a73764219fce88b2ef3701130e6994c"
        },
        "pipfile-spec": 6,
        "requires": {
            "python_version": "3.6"
        },
        "sources": [
            {
                "name": "pypi",
                "url": "https://pypi.org/simple",
                "verify_ssl": true
            }
        ]
    },
    "default": {
        "pantilthat": {
            "hashes": [
                "sha256:659a7d016fbedc502867d7e5cf57f5fa1810c08ed7a179cdeafe1dd4905aa54d",
                "sha256:6fdf66cef0e64f8c206adc20d55acd8b5b5d623cbd80b784e75ee1ea44eb843e",
                "sha256:97b5084a95818827bc9e74fab8e0fb757f2b4b7d4ea84796555a4a2064792173"
            ],
            "index": "pypi",
            "version": "==0.0.5"
        }
    },
    "develop": {}
}
